// !$*UTF8*$!
{
	archiveVersion = 1;
	classes = {
	};
	objectVersion = 51;
	objects = {

/* Begin PBXBuildFile section */
		6C0107F66B79BCA57674ADDB /* Pods_Pingu_Chat.framework in Frameworks */ = {isa = PBXBuildFile; fileRef = 6EA4202FBE86BA1C63402912 /* Pods_Pingu_Chat.framework */; };
		A81D34EC2556BF910065310E /* ChatViewController.swift in Sources */ = {isa = PBXBuildFile; fileRef = A81D34EB2556BF910065310E /* ChatViewController.swift */; };
		A8530F302565582000D415CF /* ConversationTableViewCell.swift in Sources */ = {isa = PBXBuildFile; fileRef = A8530F2F2565582000D415CF /* ConversationTableViewCell.swift */; };
		A872A940256E6A3B006D4E25 /* NewConversationCell.swift in Sources */ = {isa = PBXBuildFile; fileRef = A872A93F256E6A3B006D4E25 /* NewConversationCell.swift */; };
		A890F1B7254F0B5200BC7D7F /* GoogleService-Info.plist in Resources */ = {isa = PBXBuildFile; fileRef = A890F1B6254F0B5200BC7D7F /* GoogleService-Info.plist */; };
		A89175CB254ADC460017AF10 /* AppDelegate.swift in Sources */ = {isa = PBXBuildFile; fileRef = A89175CA254ADC460017AF10 /* AppDelegate.swift */; };
		A89175CD254ADC460017AF10 /* SceneDelegate.swift in Sources */ = {isa = PBXBuildFile; fileRef = A89175CC254ADC460017AF10 /* SceneDelegate.swift */; };
		A89175CF254ADC460017AF10 /* ConversationsViewController.swift in Sources */ = {isa = PBXBuildFile; fileRef = A89175CE254ADC460017AF10 /* ConversationsViewController.swift */; };
		A89175D2254ADC460017AF10 /* Main.storyboard in Resources */ = {isa = PBXBuildFile; fileRef = A89175D0254ADC460017AF10 /* Main.storyboard */; };
		A89175D4254ADC480017AF10 /* Assets.xcassets in Resources */ = {isa = PBXBuildFile; fileRef = A89175D3254ADC480017AF10 /* Assets.xcassets */; };
		A89175D7254ADC480017AF10 /* LaunchScreen.storyboard in Resources */ = {isa = PBXBuildFile; fileRef = A89175D5254ADC480017AF10 /* LaunchScreen.storyboard */; };
		A89175E5254AFA230017AF10 /* LoginViewController.swift in Sources */ = {isa = PBXBuildFile; fileRef = A89175E4254AFA230017AF10 /* LoginViewController.swift */; };
		A89175E8254AFA4A0017AF10 /* RegisterViewController.swift in Sources */ = {isa = PBXBuildFile; fileRef = A89175E7254AFA4A0017AF10 /* RegisterViewController.swift */; };
		A89175EA254AFA8A0017AF10 /* PhotoViewerViewController.swift in Sources */ = {isa = PBXBuildFile; fileRef = A89175E9254AFA8A0017AF10 /* PhotoViewerViewController.swift */; };
		A89175EC254AFAC60017AF10 /* VideoPlayerViewController.swift in Sources */ = {isa = PBXBuildFile; fileRef = A89175EB254AFAC60017AF10 /* VideoPlayerViewController.swift */; };
		A89175EE254AFAF80017AF10 /* NewConversationViewController.swift in Sources */ = {isa = PBXBuildFile; fileRef = A89175ED254AFAF80017AF10 /* NewConversationViewController.swift */; };
		A89175F0254AFB1C0017AF10 /* ProfileViewController.swift in Sources */ = {isa = PBXBuildFile; fileRef = A89175EF254AFB1C0017AF10 /* ProfileViewController.swift */; };
		A896E896254B38B30063D046 /* Extensions.swift in Sources */ = {isa = PBXBuildFile; fileRef = A896E895254B38B30063D046 /* Extensions.swift */; };
		A8DD3094255AFEE600447E44 /* StorageManager.swift in Sources */ = {isa = PBXBuildFile; fileRef = A8DD3093255AFEE600447E44 /* StorageManager.swift */; };
		A8EB14FB254F3FB500ABC226 /* DatabaseManager.swift in Sources */ = {isa = PBXBuildFile; fileRef = A8EB14FA254F3FB500ABC226 /* DatabaseManager.swift */; };
/* End PBXBuildFile section */

/* Begin PBXFileReference section */
		2EB40A0B7B18BD497EEF418C /* Pods-Pingu Chat.debug.xcconfig */ = {isa = PBXFileReference; includeInIndex = 1; lastKnownFileType = text.xcconfig; name = "Pods-Pingu Chat.debug.xcconfig"; path = "Target Support Files/Pods-Pingu Chat/Pods-Pingu Chat.debug.xcconfig"; sourceTree = "<group>"; };
		45F4939C36AF2484AF3D05B4 /* Pods-Pingu Chat.release.xcconfig */ = {isa = PBXFileReference; includeInIndex = 1; lastKnownFileType = text.xcconfig; name = "Pods-Pingu Chat.release.xcconfig"; path = "Target Support Files/Pods-Pingu Chat/Pods-Pingu Chat.release.xcconfig"; sourceTree = "<group>"; };
		6EA4202FBE86BA1C63402912 /* Pods_Pingu_Chat.framework */ = {isa = PBXFileReference; explicitFileType = wrapper.framework; includeInIndex = 0; path = Pods_Pingu_Chat.framework; sourceTree = BUILT_PRODUCTS_DIR; };
		A81D34EB2556BF910065310E /* ChatViewController.swift */ = {isa = PBXFileReference; lastKnownFileType = sourcecode.swift; path = ChatViewController.swift; sourceTree = "<group>"; };
		A8530F2F2565582000D415CF /* ConversationTableViewCell.swift */ = {isa = PBXFileReference; lastKnownFileType = sourcecode.swift; path = ConversationTableViewCell.swift; sourceTree = "<group>"; };
		A872A93F256E6A3B006D4E25 /* NewConversationCell.swift */ = {isa = PBXFileReference; lastKnownFileType = sourcecode.swift; path = NewConversationCell.swift; sourceTree = "<group>"; };
		A890F1B6254F0B5200BC7D7F /* GoogleService-Info.plist */ = {isa = PBXFileReference; fileEncoding = 4; lastKnownFileType = text.plist.xml; path = "GoogleService-Info.plist"; sourceTree = "<group>"; };
		A89175C7254ADC460017AF10 /* Pingu Chat.app */ = {isa = PBXFileReference; explicitFileType = wrapper.application; includeInIndex = 0; path = "Pingu Chat.app"; sourceTree = BUILT_PRODUCTS_DIR; };
		A89175CA254ADC460017AF10 /* AppDelegate.swift */ = {isa = PBXFileReference; lastKnownFileType = sourcecode.swift; path = AppDelegate.swift; sourceTree = "<group>"; };
		A89175CC254ADC460017AF10 /* SceneDelegate.swift */ = {isa = PBXFileReference; lastKnownFileType = sourcecode.swift; path = SceneDelegate.swift; sourceTree = "<group>"; };
		A89175CE254ADC460017AF10 /* ConversationsViewController.swift */ = {isa = PBXFileReference; lastKnownFileType = sourcecode.swift; path = ConversationsViewController.swift; sourceTree = "<group>"; };
		A89175D1254ADC460017AF10 /* Base */ = {isa = PBXFileReference; lastKnownFileType = file.storyboard; name = Base; path = Base.lproj/Main.storyboard; sourceTree = "<group>"; };
		A89175D3254ADC480017AF10 /* Assets.xcassets */ = {isa = PBXFileReference; lastKnownFileType = folder.assetcatalog; path = Assets.xcassets; sourceTree = "<group>"; };
		A89175D6254ADC480017AF10 /* Base */ = {isa = PBXFileReference; lastKnownFileType = file.storyboard; name = Base; path = Base.lproj/LaunchScreen.storyboard; sourceTree = "<group>"; };
		A89175D8254ADC480017AF10 /* Info.plist */ = {isa = PBXFileReference; lastKnownFileType = text.plist.xml; path = Info.plist; sourceTree = "<group>"; };
		A89175E4254AFA230017AF10 /* LoginViewController.swift */ = {isa = PBXFileReference; lastKnownFileType = sourcecode.swift; path = LoginViewController.swift; sourceTree = "<group>"; };
		A89175E7254AFA4A0017AF10 /* RegisterViewController.swift */ = {isa = PBXFileReference; lastKnownFileType = sourcecode.swift; path = RegisterViewController.swift; sourceTree = "<group>"; };
		A89175E9254AFA8A0017AF10 /* PhotoViewerViewController.swift */ = {isa = PBXFileReference; lastKnownFileType = sourcecode.swift; path = PhotoViewerViewController.swift; sourceTree = "<group>"; };
		A89175EB254AFAC60017AF10 /* VideoPlayerViewController.swift */ = {isa = PBXFileReference; lastKnownFileType = sourcecode.swift; path = VideoPlayerViewController.swift; sourceTree = "<group>"; };
		A89175ED254AFAF80017AF10 /* NewConversationViewController.swift */ = {isa = PBXFileReference; lastKnownFileType = sourcecode.swift; path = NewConversationViewController.swift; sourceTree = "<group>"; };
		A89175EF254AFB1C0017AF10 /* ProfileViewController.swift */ = {isa = PBXFileReference; lastKnownFileType = sourcecode.swift; path = ProfileViewController.swift; sourceTree = "<group>"; };
		A896E895254B38B30063D046 /* Extensions.swift */ = {isa = PBXFileReference; lastKnownFileType = sourcecode.swift; path = Extensions.swift; sourceTree = "<group>"; };
		A8DD3093255AFEE600447E44 /* StorageManager.swift */ = {isa = PBXFileReference; lastKnownFileType = sourcecode.swift; path = StorageManager.swift; sourceTree = "<group>"; };
		A8EB14FA254F3FB500ABC226 /* DatabaseManager.swift */ = {isa = PBXFileReference; lastKnownFileType = sourcecode.swift; path = DatabaseManager.swift; sourceTree = "<group>"; };
/* End PBXFileReference section */

/* Begin PBXFrameworksBuildPhase section */
		A89175C4254ADC460017AF10 /* Frameworks */ = {
			isa = PBXFrameworksBuildPhase;
			buildActionMask = 2147483647;
			files = (
				6C0107F66B79BCA57674ADDB /* Pods_Pingu_Chat.framework in Frameworks */,
			);
			runOnlyForDeploymentPostprocessing = 0;
		};
/* End PBXFrameworksBuildPhase section */

/* Begin PBXGroup section */
		1513D7397888FB33156AB1D2 /* Pods */ = {
			isa = PBXGroup;
			children = (
				2EB40A0B7B18BD497EEF418C /* Pods-Pingu Chat.debug.xcconfig */,
				45F4939C36AF2484AF3D05B4 /* Pods-Pingu Chat.release.xcconfig */,
			);
			path = Pods;
			sourceTree = "<group>";
		};
		A89175BE254ADC460017AF10 = {
			isa = PBXGroup;
			children = (
				A89175C9254ADC460017AF10 /* Pingu Chat */,
				A89175C8254ADC460017AF10 /* Products */,
				1513D7397888FB33156AB1D2 /* Pods */,
				FE0F13AD73413710B01AEAC8 /* Frameworks */,
			);
			sourceTree = "<group>";
		};
		A89175C8254ADC460017AF10 /* Products */ = {
			isa = PBXGroup;
			children = (
				A89175C7254ADC460017AF10 /* Pingu Chat.app */,
			);
			name = Products;
			sourceTree = "<group>";
		};
		A89175C9254ADC460017AF10 /* Pingu Chat */ = {
			isa = PBXGroup;
			children = (
				A890F1B6254F0B5200BC7D7F /* GoogleService-Info.plist */,
				A89175E2254AF8390017AF10 /* Resources */,
				A89175E1254AF8280017AF10 /* ViewModels */,
				A89175E0254AF8180017AF10 /* Models */,
				A89175DF254AF80A0017AF10 /* Views */,
				A89175DE254AF7FD0017AF10 /* Controllers */,
				A89175D8254ADC480017AF10 /* Info.plist */,
			);
			path = "Pingu Chat";
			sourceTree = "<group>";
		};
		A89175DE254AF7FD0017AF10 /* Controllers */ = {
			isa = PBXGroup;
			children = (
				A89175F1254B02490017AF10 /* LoginPages */,
				A89175CE254ADC460017AF10 /* ConversationsViewController.swift */,
				A89175E9254AFA8A0017AF10 /* PhotoViewerViewController.swift */,
				A89175EB254AFAC60017AF10 /* VideoPlayerViewController.swift */,
				A89175ED254AFAF80017AF10 /* NewConversationViewController.swift */,
				A89175EF254AFB1C0017AF10 /* ProfileViewController.swift */,
				A81D34EB2556BF910065310E /* ChatViewController.swift */,
			);
			path = Controllers;
			sourceTree = "<group>";
		};
		A89175DF254AF80A0017AF10 /* Views */ = {
			isa = PBXGroup;
			children = (
				A89175E3254AF88B0017AF10 /* Storyboards */,
				A89175D3254ADC480017AF10 /* Assets.xcassets */,
				A8530F2F2565582000D415CF /* ConversationTableViewCell.swift */,
				A872A93F256E6A3B006D4E25 /* NewConversationCell.swift */,
			);
			path = Views;
			sourceTree = "<group>";
		};
		A89175E0254AF8180017AF10 /* Models */ = {
			isa = PBXGroup;
			children = (
			);
			path = Models;
			sourceTree = "<group>";
		};
		A89175E1254AF8280017AF10 /* ViewModels */ = {
			isa = PBXGroup;
			children = (
			);
			path = ViewModels;
			sourceTree = "<group>";
		};
		A89175E2254AF8390017AF10 /* Resources */ = {
			isa = PBXGroup;
			children = (
				A89175CA254ADC460017AF10 /* AppDelegate.swift */,
				A89175CC254ADC460017AF10 /* SceneDelegate.swift */,
				A896E895254B38B30063D046 /* Extensions.swift */,
				A8EB14FA254F3FB500ABC226 /* DatabaseManager.swift */,
				A8DD3093255AFEE600447E44 /* StorageManager.swift */,
			);
			path = Resources;
			sourceTree = "<group>";
		};
		A89175E3254AF88B0017AF10 /* Storyboards */ = {
			isa = PBXGroup;
			children = (
				A89175D0254ADC460017AF10 /* Main.storyboard */,
				A89175D5254ADC480017AF10 /* LaunchScreen.storyboard */,
			);
			path = Storyboards;
			sourceTree = "<group>";
		};
		A89175F1254B02490017AF10 /* LoginPages */ = {
			isa = PBXGroup;
			children = (
				A89175E4254AFA230017AF10 /* LoginViewController.swift */,
				A89175E7254AFA4A0017AF10 /* RegisterViewController.swift */,
			);
			path = LoginPages;
			sourceTree = "<group>";
		};
		FE0F13AD73413710B01AEAC8 /* Frameworks */ = {
			isa = PBXGroup;
			children = (
				6EA4202FBE86BA1C63402912 /* Pods_Pingu_Chat.framework */,
			);
			name = Frameworks;
			sourceTree = "<group>";
		};
/* End PBXGroup section */

/* Begin PBXNativeTarget section */
		A89175C6254ADC460017AF10 /* Pingu Chat */ = {
			isa = PBXNativeTarget;
			buildConfigurationList = A89175DB254ADC480017AF10 /* Build configuration list for PBXNativeTarget "Pingu Chat" */;
			buildPhases = (
				CA54E82A2D2FCFA0A9FFC8C7 /* [CP] Check Pods Manifest.lock */,
				A89175C3254ADC460017AF10 /* Sources */,
				A89175C4254ADC460017AF10 /* Frameworks */,
				A89175C5254ADC460017AF10 /* Resources */,
				78B477DE65024AE1BE6F30F5 /* [CP] Embed Pods Frameworks */,
				3E353A891A64143075C0D499 /* [CP] Copy Pods Resources */,
			);
			buildRules = (
			);
			dependencies = (
			);
			name = "Pingu Chat";
			productName = "Pingu Chat";
			productReference = A89175C7254ADC460017AF10 /* Pingu Chat.app */;
			productType = "com.apple.product-type.application";
		};
/* End PBXNativeTarget section */

/* Begin PBXProject section */
		A89175BF254ADC460017AF10 /* Project object */ = {
			isa = PBXProject;
			attributes = {
				LastSwiftUpdateCheck = 1150;
				LastUpgradeCheck = 1150;
				ORGANIZATIONNAME = "vladislav vaz";
				TargetAttributes = {
					A89175C6254ADC460017AF10 = {
						CreatedOnToolsVersion = 11.5;
					};
				};
			};
			buildConfigurationList = A89175C2254ADC460017AF10 /* Build configuration list for PBXProject "Pingu Chat" */;
			compatibilityVersion = "Xcode 9.3";
			developmentRegion = en;
			hasScannedForEncodings = 0;
			knownRegions = (
				en,
				Base,
			);
			mainGroup = A89175BE254ADC460017AF10;
			productRefGroup = A89175C8254ADC460017AF10 /* Products */;
			projectDirPath = "";
			projectRoot = "";
			targets = (
				A89175C6254ADC460017AF10 /* Pingu Chat */,
			);
		};
/* End PBXProject section */

/* Begin PBXResourcesBuildPhase section */
		A89175C5254ADC460017AF10 /* Resources */ = {
			isa = PBXResourcesBuildPhase;
			buildActionMask = 2147483647;
			files = (
				A89175D7254ADC480017AF10 /* LaunchScreen.storyboard in Resources */,
				A890F1B7254F0B5200BC7D7F /* GoogleService-Info.plist in Resources */,
				A89175D4254ADC480017AF10 /* Assets.xcassets in Resources */,
				A89175D2254ADC460017AF10 /* Main.storyboard in Resources */,
			);
			runOnlyForDeploymentPostprocessing = 0;
		};
/* End PBXResourcesBuildPhase section */

/* Begin PBXShellScriptBuildPhase section */
		3E353A891A64143075C0D499 /* [CP] Copy Pods Resources */ = {
			isa = PBXShellScriptBuildPhase;
			buildActionMask = 2147483647;
			files = (
			);
			inputFileListPaths = (
				"${PODS_ROOT}/Target Support Files/Pods-Pingu Chat/Pods-Pingu Chat-resources-${CONFIGURATION}-input-files.xcfilelist",
			);
			name = "[CP] Copy Pods Resources";
			outputFileListPaths = (
				"${PODS_ROOT}/Target Support Files/Pods-Pingu Chat/Pods-Pingu Chat-resources-${CONFIGURATION}-output-files.xcfilelist",
			);
			runOnlyForDeploymentPostprocessing = 0;
			shellPath = /bin/sh;
			shellScript = "\"${PODS_ROOT}/Target Support Files/Pods-Pingu Chat/Pods-Pingu Chat-resources.sh\"\n";
			showEnvVarsInLog = 0;
		};
		78B477DE65024AE1BE6F30F5 /* [CP] Embed Pods Frameworks */ = {
			isa = PBXShellScriptBuildPhase;
			buildActionMask = 2147483647;
			files = (
			);
			inputFileListPaths = (
				"${PODS_ROOT}/Target Support Files/Pods-Pingu Chat/Pods-Pingu Chat-frameworks-${CONFIGURATION}-input-files.xcfilelist",
			);
			name = "[CP] Embed Pods Frameworks";
			outputFileListPaths = (
				"${PODS_ROOT}/Target Support Files/Pods-Pingu Chat/Pods-Pingu Chat-frameworks-${CONFIGURATION}-output-files.xcfilelist",
			);
			runOnlyForDeploymentPostprocessing = 0;
			shellPath = /bin/sh;
			shellScript = "\"${PODS_ROOT}/Target Support Files/Pods-Pingu Chat/Pods-Pingu Chat-frameworks.sh\"\n";
			showEnvVarsInLog = 0;
		};
		CA54E82A2D2FCFA0A9FFC8C7 /* [CP] Check Pods Manifest.lock */ = {
			isa = PBXShellScriptBuildPhase;
			buildActionMask = 2147483647;
			files = (
			);
			inputFileListPaths = (
			);
			inputPaths = (
				"${PODS_PODFILE_DIR_PATH}/Podfile.lock",
				"${PODS_ROOT}/Manifest.lock",
			);
			name = "[CP] Check Pods Manifest.lock";
			outputFileListPaths = (
			);
			outputPaths = (
				"$(DERIVED_FILE_DIR)/Pods-Pingu Chat-checkManifestLockResult.txt",
			);
			runOnlyForDeploymentPostprocessing = 0;
			shellPath = /bin/sh;
			shellScript = "diff \"${PODS_PODFILE_DIR_PATH}/Podfile.lock\" \"${PODS_ROOT}/Manifest.lock\" > /dev/null\nif [ $? != 0 ] ; then\n    # print error to STDERR\n    echo \"error: The sandbox is not in sync with the Podfile.lock. Run 'pod install' or update your CocoaPods installation.\" >&2\n    exit 1\nfi\n# This output is used by Xcode 'outputs' to avoid re-running this script phase.\necho \"SUCCESS\" > \"${SCRIPT_OUTPUT_FILE_0}\"\n";
			showEnvVarsInLog = 0;
		};
/* End PBXShellScriptBuildPhase section */

/* Begin PBXSourcesBuildPhase section */
		A89175C3254ADC460017AF10 /* Sources */ = {
			isa = PBXSourcesBuildPhase;
			buildActionMask = 2147483647;
			files = (
				A89175E5254AFA230017AF10 /* LoginViewController.swift in Sources */,
				A872A940256E6A3B006D4E25 /* NewConversationCell.swift in Sources */,
				A8EB14FB254F3FB500ABC226 /* DatabaseManager.swift in Sources */,
				A89175E8254AFA4A0017AF10 /* RegisterViewController.swift in Sources */,
				A89175EE254AFAF80017AF10 /* NewConversationViewController.swift in Sources */,
				A89175CF254ADC460017AF10 /* ConversationsViewController.swift in Sources */,
				A89175EC254AFAC60017AF10 /* VideoPlayerViewController.swift in Sources */,
				A896E896254B38B30063D046 /* Extensions.swift in Sources */,
				A89175CB254ADC460017AF10 /* AppDelegate.swift in Sources */,
				A89175F0254AFB1C0017AF10 /* ProfileViewController.swift in Sources */,
				A89175CD254ADC460017AF10 /* SceneDelegate.swift in Sources */,
				A8530F302565582000D415CF /* ConversationTableViewCell.swift in Sources */,
				A81D34EC2556BF910065310E /* ChatViewController.swift in Sources */,
				A89175EA254AFA8A0017AF10 /* PhotoViewerViewController.swift in Sources */,
				A8DD3094255AFEE600447E44 /* StorageManager.swift in Sources */,
			);
			runOnlyForDeploymentPostprocessing = 0;
		};
/* End PBXSourcesBuildPhase section */

/* Begin PBXVariantGroup section */
		A89175D0254ADC460017AF10 /* Main.storyboard */ = {
			isa = PBXVariantGroup;
			children = (
				A89175D1254ADC460017AF10 /* Base */,
			);
			name = Main.storyboard;
			sourceTree = "<group>";
		};
		A89175D5254ADC480017AF10 /* LaunchScreen.storyboard */ = {
			isa = PBXVariantGroup;
			children = (
				A89175D6254ADC480017AF10 /* Base */,
			);
			name = LaunchScreen.storyboard;
			sourceTree = "<group>";
		};
/* End PBXVariantGroup section */

/* Begin XCBuildConfiguration section */
		A89175D9254ADC480017AF10 /* Debug */ = {
			isa = XCBuildConfiguration;
			buildSettings = {
				ALWAYS_SEARCH_USER_PATHS = NO;
				CLANG_ANALYZER_NONNULL = YES;
				CLANG_ANALYZER_NUMBER_OBJECT_CONVERSION = YES_AGGRESSIVE;
				CLANG_CXX_LANGUAGE_STANDARD = "gnu++14";
				CLANG_CXX_LIBRARY = "libc++";
				CLANG_ENABLE_MODULES = YES;
				CLANG_ENABLE_OBJC_ARC = YES;
				CLANG_ENABLE_OBJC_WEAK = YES;
				CLANG_WARN_BLOCK_CAPTURE_AUTORELEASING = YES;
				CLANG_WARN_BOOL_CONVERSION = YES;
				CLANG_WARN_COMMA = YES;
				CLANG_WARN_CONSTANT_CONVERSION = YES;
				CLANG_WARN_DEPRECATED_OBJC_IMPLEMENTATIONS = YES;
				CLANG_WARN_DIRECT_OBJC_ISA_USAGE = YES_ERROR;
				CLANG_WARN_DOCUMENTATION_COMMENTS = YES;
				CLANG_WARN_EMPTY_BODY = YES;
				CLANG_WARN_ENUM_CONVERSION = YES;
				CLANG_WARN_INFINITE_RECURSION = YES;
				CLANG_WARN_INT_CONVERSION = YES;
				CLANG_WARN_NON_LITERAL_NULL_CONVERSION = YES;
				CLANG_WARN_OBJC_IMPLICIT_RETAIN_SELF = YES;
				CLANG_WARN_OBJC_LITERAL_CONVERSION = YES;
				CLANG_WARN_OBJC_ROOT_CLASS = YES_ERROR;
				CLANG_WARN_RANGE_LOOP_ANALYSIS = YES;
				CLANG_WARN_STRICT_PROTOTYPES = YES;
				CLANG_WARN_SUSPICIOUS_MOVE = YES;
				CLANG_WARN_UNGUARDED_AVAILABILITY = YES_AGGRESSIVE;
				CLANG_WARN_UNREACHABLE_CODE = YES;
				CLANG_WARN__DUPLICATE_METHOD_MATCH = YES;
				COPY_PHASE_STRIP = NO;
				DEBUG_INFORMATION_FORMAT = dwarf;
				ENABLE_STRICT_OBJC_MSGSEND = YES;
				ENABLE_TESTABILITY = YES;
				GCC_C_LANGUAGE_STANDARD = gnu11;
				GCC_DYNAMIC_NO_PIC = NO;
				GCC_NO_COMMON_BLOCKS = YES;
				GCC_OPTIMIZATION_LEVEL = 0;
				GCC_PREPROCESSOR_DEFINITIONS = (
					"DEBUG=1",
					"$(inherited)",
				);
				GCC_WARN_64_TO_32_BIT_CONVERSION = YES;
				GCC_WARN_ABOUT_RETURN_TYPE = YES_ERROR;
				GCC_WARN_UNDECLARED_SELECTOR = YES;
				GCC_WARN_UNINITIALIZED_AUTOS = YES_AGGRESSIVE;
				GCC_WARN_UNUSED_FUNCTION = YES;
				GCC_WARN_UNUSED_VARIABLE = YES;
				IPHONEOS_DEPLOYMENT_TARGET = 13.5;
				MTL_ENABLE_DEBUG_INFO = INCLUDE_SOURCE;
				MTL_FAST_MATH = YES;
				ONLY_ACTIVE_ARCH = YES;
				SDKROOT = iphoneos;
				SWIFT_ACTIVE_COMPILATION_CONDITIONS = DEBUG;
				SWIFT_OPTIMIZATION_LEVEL = "-Onone";
			};
			name = Debug;
		};
		A89175DA254ADC480017AF10 /* Release */ = {
			isa = XCBuildConfiguration;
			buildSettings = {
				ALWAYS_SEARCH_USER_PATHS = NO;
				CLANG_ANALYZER_NONNULL = YES;
				CLANG_ANALYZER_NUMBER_OBJECT_CONVERSION = YES_AGGRESSIVE;
				CLANG_CXX_LANGUAGE_STANDARD = "gnu++14";
				CLANG_CXX_LIBRARY = "libc++";
				CLANG_ENABLE_MODULES = YES;
				CLANG_ENABLE_OBJC_ARC = YES;
				CLANG_ENABLE_OBJC_WEAK = YES;
				CLANG_WARN_BLOCK_CAPTURE_AUTORELEASING = YES;
				CLANG_WARN_BOOL_CONVERSION = YES;
				CLANG_WARN_COMMA = YES;
				CLANG_WARN_CONSTANT_CONVERSION = YES;
				CLANG_WARN_DEPRECATED_OBJC_IMPLEMENTATIONS = YES;
				CLANG_WARN_DIRECT_OBJC_ISA_USAGE = YES_ERROR;
				CLANG_WARN_DOCUMENTATION_COMMENTS = YES;
				CLANG_WARN_EMPTY_BODY = YES;
				CLANG_WARN_ENUM_CONVERSION = YES;
				CLANG_WARN_INFINITE_RECURSION = YES;
				CLANG_WARN_INT_CONVERSION = YES;
				CLANG_WARN_NON_LITERAL_NULL_CONVERSION = YES;
				CLANG_WARN_OBJC_IMPLICIT_RETAIN_SELF = YES;
				CLANG_WARN_OBJC_LITERAL_CONVERSION = YES;
				CLANG_WARN_OBJC_ROOT_CLASS = YES_ERROR;
				CLANG_WARN_RANGE_LOOP_ANALYSIS = YES;
				CLANG_WARN_STRICT_PROTOTYPES = YES;
				CLANG_WARN_SUSPICIOUS_MOVE = YES;
				CLANG_WARN_UNGUARDED_AVAILABILITY = YES_AGGRESSIVE;
				CLANG_WARN_UNREACHABLE_CODE = YES;
				CLANG_WARN__DUPLICATE_METHOD_MATCH = YES;
				COPY_PHASE_STRIP = NO;
				DEBUG_INFORMATION_FORMAT = "dwarf-with-dsym";
				ENABLE_NS_ASSERTIONS = NO;
				ENABLE_STRICT_OBJC_MSGSEND = YES;
				GCC_C_LANGUAGE_STANDARD = gnu11;
				GCC_NO_COMMON_BLOCKS = YES;
				GCC_WARN_64_TO_32_BIT_CONVERSION = YES;
				GCC_WARN_ABOUT_RETURN_TYPE = YES_ERROR;
				GCC_WARN_UNDECLARED_SELECTOR = YES;
				GCC_WARN_UNINITIALIZED_AUTOS = YES_AGGRESSIVE;
				GCC_WARN_UNUSED_FUNCTION = YES;
				GCC_WARN_UNUSED_VARIABLE = YES;
				IPHONEOS_DEPLOYMENT_TARGET = 13.5;
				MTL_ENABLE_DEBUG_INFO = NO;
				MTL_FAST_MATH = YES;
				SDKROOT = iphoneos;
				SWIFT_COMPILATION_MODE = wholemodule;
				SWIFT_OPTIMIZATION_LEVEL = "-O";
				VALIDATE_PRODUCT = YES;
			};
			name = Release;
		};
		A89175DC254ADC480017AF10 /* Debug */ = {
			isa = XCBuildConfiguration;
			baseConfigurationReference = 2EB40A0B7B18BD497EEF418C /* Pods-Pingu Chat.debug.xcconfig */;
			buildSettings = {
				ASSETCATALOG_COMPILER_APPICON_NAME = AppIcon;
				CODE_SIGN_STYLE = Automatic;
				INFOPLIST_FILE = "Pingu Chat/Info.plist";
				IPHONEOS_DEPLOYMENT_TARGET = 13.5;
				LD_RUNPATH_SEARCH_PATHS = (
					"$(inherited)",
					"@executable_path/Frameworks",
				);
				PRODUCT_BUNDLE_IDENTIFIER = "vladislavvaz.Pingu-Chat";
				PRODUCT_NAME = "$(TARGET_NAME)";
				SWIFT_VERSION = 5.0;
				TARGETED_DEVICE_FAMILY = "1,2";
			};
			name = Debug;
		};
		A89175DD254ADC480017AF10 /* Release */ = {
			isa = XCBuildConfiguration;
			baseConfigurationReference = 45F4939C36AF2484AF3D05B4 /* Pods-Pingu Chat.release.xcconfig */;
			buildSettings = {
				ASSETCATALOG_COMPILER_APPICON_NAME = AppIcon;
				CODE_SIGN_STYLE = Automatic;
				INFOPLIST_FILE = "Pingu Chat/Info.plist";
				IPHONEOS_DEPLOYMENT_TARGET = 13.5;
				LD_RUNPATH_SEARCH_PATHS = (
					"$(inherited)",
					"@executable_path/Frameworks",
				);
				PRODUCT_BUNDLE_IDENTIFIER = "vladislavvaz.Pingu-Chat";
				PRODUCT_NAME = "$(TARGET_NAME)";
				SWIFT_VERSION = 5.0;
				TARGETED_DEVICE_FAMILY = "1,2";
			};
			name = Release;
		};
/* End XCBuildConfiguration section */

/* Begin XCConfigurationList section */
		A89175C2254ADC460017AF10 /* Build configuration list for PBXProject "Pingu Chat" */ = {
			isa = XCConfigurationList;
			buildConfigurations = (
				A89175D9254ADC480017AF10 /* Debug */,
				A89175DA254ADC480017AF10 /* Release */,
			);
			defaultConfigurationIsVisible = 0;
			defaultConfigurationName = Release;
		};
		A89175DB254ADC480017AF10 /* Build configuration list for PBXNativeTarget "Pingu Chat" */ = {
			isa = XCConfigurationList;
			buildConfigurations = (
				A89175DC254ADC480017AF10 /* Debug */,
				A89175DD254ADC480017AF10 /* Release */,
			);
			defaultConfigurationIsVisible = 0;
			defaultConfigurationName = Release;
		};
/* End XCConfigurationList section */
	};
	rootObject = A89175BF254ADC460017AF10 /* Project object */;
}
